{"format_version":"1.2","terraform_version":"1.14.0","variables":{"aws_region":{"value":"us-east-1"},"cidr_block":{"value":"10.0.0.0/16"},"client":{"value":"pragma"},"create_igw":{"value":true},"create_nat":{"value":true},"enable_dns_hostnames":{"value":true},"enable_dns_support":{"value":true},"environment":{"value":"dev"},"flow_log_retention_in_days":{"value":7},"instance_tenancy":{"value":"default"},"nat_mode":{"value":"regional"},"nat_regional_mode":{"value":"auto"},"profile":{"value":"pra_academia_poc"},"project":{"value":"poc"},"subnet_config":{"value":{"database":{"custom_routes":[],"include_nat":false,"public":false,"subnets":[{"availability_zone":"a","cidr_block":"10.0.11.0/24"},{"availability_zone":"b","cidr_block":"10.0.12.0/24"},{"availability_zone":"c","cidr_block":"10.0.13.0/24"}]},"private":{"custom_routes":[],"include_nat":true,"public":false,"subnets":[{"availability_zone":"a","cidr_block":"10.0.1.0/24"},{"availability_zone":"b","cidr_block":"10.0.2.0/24"},{"availability_zone":"c","cidr_block":"10.0.3.0/24"}]},"public":{"custom_routes":[],"include_nat":false,"public":true,"subnets":[{"availability_zone":"a","cidr_block":"10.0.0.0/26"},{"availability_zone":"b","cidr_block":"10.0.0.64/26"},{"availability_zone":"c","cidr_block":"10.0.0.128/26"}]}}}},"planned_values":{"outputs":{"nat_gateway_id":{"sensitive":false},"nat_gateway_mode":{"sensitive":false,"type":"string","value":"regional"},"regional_nat_gateway_route_table_id":{"sensitive":false},"route_table_ids":{"sensitive":false},"subnet_ids":{"sensitive":false},"vpc_id":{"sensitive":false}},"root_module":{"child_modules":[{"resources":[{"address":"module.vpc.aws_cloudwatch_log_group.vpc_flow_log_group","mode":"managed","type":"aws_cloudwatch_log_group","name":"vpc_flow_log_group","provider_name":"registry.terraform.io/hashicorp/aws","schema_version":0,"values":{"kms_key_id":null,"region":"us-east-1","retention_in_days":7,"skip_destroy":false,"tags":{"Name":"pragma-poc-dev-flow-logs"},"tags_all":{"Name":"pragma-poc-dev-flow-logs"}},"sensitive_values":{"tags":{},"tags_all":{}},"identity_schema_version":0,"identity":{"account_id":null,"name":null,"region":null}},{"address":"module.vpc.aws_default_security_group.default","mode":"managed","type":"aws_default_security_group","name":"default","provider_name":"registry.terraform.io/hashicorp/aws","schema_version":1,"values":{"region":"us-east-1","revoke_rules_on_delete":false,"tags":{"Name":"default"},"tags_all":{"Name":"default"}},"sensitive_values":{"egress":[],"ingress":[],"tags":{},"tags_all":{}}},{"address":"module.vpc.aws_flow_log.vpc_flow_log","mode":"managed","type":"aws_flow_log","name":"vpc_flow_log","provider_name":"registry.terraform.io/hashicorp/aws","schema_version":1,"values":{"deliver_cross_account_role":null,"destination_options":[],"eni_id":null,"log_destination_type":"cloud-watch-logs","max_aggregation_interval":600,"region":"us-east-1","regional_nat_gateway_id":null,"subnet_id":null,"tags":{"Name":"pragma-poc-dev-vpc-flow-log"},"tags_all":{"Name":"pragma-poc-dev-vpc-flow-log"},"traffic_type":"ALL","transit_gateway_attachment_id":null,"transit_gateway_id":null},"sensitive_values":{"destination_options":[],"tags":{},"tags_all":{}}},{"address":"module.vpc.aws_iam_policy.vpc_flow_logs_policy","mode":"managed","type":"aws_iam_policy","name":"vpc_flow_logs_policy","provider_name":"registry.terraform.io/hashicorp/aws","schema_version":0,"values":{"description":null,"name":"pragma-poc-dev-vpc-flow-logs-policy","path":"/","policy":"{\"Statement\":[{\"Action\":[\"logs:CreateLogGroup\",\"logs:CreateLogStream\",\"logs:PutLogEvents\"],\"Effect\":\"Allow\",\"Resource\":\"*\"}],\"Version\":\"2012-10-17\"}","tags":null},"sensitive_values":{"tags_all":{}},"identity_schema_version":0,"identity":{"arn":null}},{"address":"module.vpc.aws_iam_role.vpc_flow_logs_role","mode":"managed","type":"aws_iam_role","name":"vpc_flow_logs_role","provider_name":"registry.terraform.io/hashicorp/aws","schema_version":0,"values":{"assume_role_policy":"{\"Statement\":[{\"Action\":\"sts:AssumeRole\",\"Effect\":\"Allow\",\"Principal\":{\"Service\":\"vpc-flow-logs.amazonaws.com\"}}],\"Version\":\"2012-10-17\"}","description":null,"force_detach_policies":false,"max_session_duration":3600,"name":"pragma-poc-dev-vpc-flow-logs-role","path":"/","permissions_boundary":null,"tags":{"Name":"pragma-dev-vpc-flow-logs-role"},"tags_all":{"Name":"pragma-dev-vpc-flow-logs-role"}},"sensitive_values":{"inline_policy":[],"managed_policy_arns":[],"tags":{},"tags_all":{}},"identity_schema_version":0,"identity":{"account_id":null,"name":null}},{"address":"module.vpc.aws_iam_role_policy_attachment.vpc_flow_logs_role_policy_attachment","mode":"managed","type":"aws_iam_role_policy_attachment","name":"vpc_flow_logs_role_policy_attachment","provider_name":"registry.terraform.io/hashicorp/aws","schema_version":0,"values":{"role":"pragma-poc-dev-vpc-flow-logs-role"},"sensitive_values":{},"identity_schema_version":0,"identity":{"account_id":null,"policy_arn":null,"role":null}},{"address":"module.vpc.aws_internet_gateway.igw[0]","mode":"managed","type":"aws_internet_gateway","name":"igw","index":0,"provider_name":"registry.terraform.io/hashicorp/aws","schema_version":0,"values":{"region":"us-east-1","tags":{"Name":"pragma-poc-dev-igw"},"tags_all":{"Name":"pragma-poc-dev-igw"},"timeouts":null},"sensitive_values":{"tags":{},"tags_all":{}}},{"address":"module.vpc.aws_nat_gateway.nat_regional[0]","mode":"managed","type":"aws_nat_gateway","name":"nat_regional","index":0,"provider_name":"registry.terraform.io/hashicorp/aws","schema_version":0,"values":{"allocation_id":null,"availability_mode":"regional","availability_zone_address":[],"connectivity_type":"public","region":"us-east-1","subnet_id":null,"tags":{"Name":"pragma-poc-dev-nat-regional"},"tags_all":{"Name":"pragma-poc-dev-nat-regional"},"timeouts":null},"sensitive_values":{"availability_zone_address":[],"regional_nat_gateway_address":[],"secondary_allocation_ids":[],"secondary_private_ip_addresses":[],"tags":{},"tags_all":{}}},{"address":"module.vpc.aws_route.internet_route[\"public\"]","mode":"managed","type":"aws_route","name":"internet_route","index":"public","provider_name":"registry.terraform.io/hashicorp/aws","schema_version":0,"values":{"carrier_gateway_id":null,"core_network_arn":null,"destination_cidr_block":"0.0.0.0/0","destination_ipv6_cidr_block":null,"destination_prefix_list_id":null,"egress_only_gateway_id":null,"local_gateway_id":null,"nat_gateway_id":null,"region":"us-east-1","timeouts":null,"transit_gateway_id":null,"vpc_endpoint_id":null,"vpc_peering_connection_id":null},"sensitive_values":{},"identity_schema_version":0,"identity":{"account_id":null,"destination_cidr_block":null,"destination_ipv6_cidr_block":null,"destination_prefix_list_id":null,"region":null,"route_table_id":null}},{"address":"module.vpc.aws_route.nat_route[\"private\"]","mode":"managed","type":"aws_route","name":"nat_route","index":"private","provider_name":"registry.terraform.io/hashicorp/aws","schema_version":0,"values":{"carrier_gateway_id":null,"core_network_arn":null,"destination_cidr_block":"0.0.0.0/0","destination_ipv6_cidr_block":null,"destination_prefix_list_id":null,"egress_only_gateway_id":null,"gateway_id":null,"local_gateway_id":null,"region":"us-east-1","timeouts":null,"transit_gateway_id":null,"vpc_endpoint_id":null,"vpc_peering_connection_id":null},"sensitive_values":{},"identity_schema_version":0,"identity":{"account_id":null,"destination_cidr_block":null,"destination_ipv6_cidr_block":null,"destination_prefix_list_id":null,"region":null,"route_table_id":null}},{"address":"module.vpc.aws_route_table.route_table[\"database\"]","mode":"managed","type":"aws_route_table","name":"route_table","index":"database","provider_name":"registry.terraform.io/hashicorp/aws","schema_version":0,"values":{"region":"us-east-1","tags":{"Name":"pragma-poc-dev-rtb-database"},"tags_all":{"Name":"pragma-poc-dev-rtb-database"},"timeouts":null},"sensitive_values":{"propagating_vgws":[],"route":[],"tags":{},"tags_all":{}},"identity_schema_version":0,"identity":{"account_id":null,"id":null,"region":null}},{"address":"module.vpc.aws_route_table.route_table[\"private\"]","mode":"managed","type":"aws_route_table","name":"route_table","index":"private","provider_name":"registry.terraform.io/hashicorp/aws","schema_version":0,"values":{"region":"us-east-1","tags":{"Name":"pragma-poc-dev-rtb-private"},"tags_all":{"Name":"pragma-poc-dev-rtb-private"},"timeouts":null},"sensitive_values":{"propagating_vgws":[],"route":[],"tags":{},"tags_all":{}},"identity_schema_version":0,"identity":{"account_id":null,"id":null,"region":null}},{"address":"module.vpc.aws_route_table.route_table[\"public\"]","mode":"managed","type":"aws_route_table","name":"route_table","index":"public","provider_name":"registry.terraform.io/hashicorp/aws","schema_version":0,"values":{"region":"us-east-1","tags":{"Name":"pragma-poc-dev-rtb-public"},"tags_all":{"Name":"pragma-poc-dev-rtb-public"},"timeouts":null},"sensitive_values":{"propagating_vgws":[],"route":[],"tags":{},"tags_all":{}},"identity_schema_version":0,"identity":{"account_id":null,"id":null,"region":null}},{"address":"module.vpc.aws_route_table_association.subnet_association[\"database-0\"]","mode":"managed","type":"aws_route_table_association","name":"subnet_association","index":"database-0","provider_name":"registry.terraform.io/hashicorp/aws","schema_version":0,"values":{"gateway_id":null,"region":"us-east-1","timeouts":null},"sensitive_values":{}},{"address":"module.vpc.aws_route_table_association.subnet_association[\"database-1\"]","mode":"managed","type":"aws_route_table_association","name":"subnet_association","index":"database-1","provider_name":"registry.terraform.io/hashicorp/aws","schema_version":0,"values":{"gateway_id":null,"region":"us-east-1","timeouts":null},"sensitive_values":{}},{"address":"module.vpc.aws_route_table_association.subnet_association[\"database-2\"]","mode":"managed","type":"aws_route_table_association","name":"subnet_association","index":"database-2","provider_name":"registry.terraform.io/hashicorp/aws","schema_version":0,"values":{"gateway_id":null,"region":"us-east-1","timeouts":null},"sensitive_values":{}},{"address":"module.vpc.aws_route_table_association.subnet_association[\"private-0\"]","mode":"managed","type":"aws_route_table_association","name":"subnet_association","index":"private-0","provider_name":"registry.terraform.io/hashicorp/aws","schema_version":0,"values":{"gateway_id":null,"region":"us-east-1","timeouts":null},"sensitive_values":{}},{"address":"module.vpc.aws_route_table_association.subnet_association[\"private-1\"]","mode":"managed","type":"aws_route_table_association","name":"subnet_association","index":"private-1","provider_name":"registry.terraform.io/hashicorp/aws","schema_version":0,"values":{"gateway_id":null,"region":"us-east-1","timeouts":null},"sensitive_values":{}},{"address":"module.vpc.aws_route_table_association.subnet_association[\"private-2\"]","mode":"managed","type":"aws_route_table_association","name":"subnet_association","index":"private-2","provider_name":"registry.terraform.io/hashicorp/aws","schema_version":0,"values":{"gateway_id":null,"region":"us-east-1","timeouts":null},"sensitive_values":{}},{"address":"module.vpc.aws_route_table_association.subnet_association[\"public-0\"]","mode":"managed","type":"aws_route_table_association","name":"subnet_association","index":"public-0","provider_name":"registry.terraform.io/hashicorp/aws","schema_version":0,"values":{"gateway_id":null,"region":"us-east-1","timeouts":null},"sensitive_values":{}},{"address":"module.vpc.aws_route_table_association.subnet_association[\"public-1\"]","mode":"managed","type":"aws_route_table_association","name":"subnet_association","index":"public-1","provider_name":"registry.terraform.io/hashicorp/aws","schema_version":0,"values":{"gateway_id":null,"region":"us-east-1","timeouts":null},"sensitive_values":{}},{"address":"module.vpc.aws_route_table_association.subnet_association[\"public-2\"]","mode":"managed","type":"aws_route_table_association","name":"subnet_association","index":"public-2","provider_name":"registry.terraform.io/hashicorp/aws","schema_version":0,"values":{"gateway_id":null,"region":"us-east-1","timeouts":null},"sensitive_values":{}},{"address":"module.vpc.aws_subnet.subnet[\"database-0\"]","mode":"managed","type":"aws_subnet","name":"subnet","index":"database-0","provider_name":"registry.terraform.io/hashicorp/aws","schema_version":1,"values":{"assign_ipv6_address_on_creation":false,"availability_zone":"us-east-1a","cidr_block":"10.0.11.0/24","customer_owned_ipv4_pool":null,"enable_dns64":false,"enable_lni_at_device_index":null,"enable_resource_name_dns_a_record_on_launch":false,"enable_resource_name_dns_aaaa_record_on_launch":false,"ipv6_cidr_block":null,"ipv6_native":false,"map_customer_owned_ip_on_launch":null,"map_public_ip_on_launch":false,"outpost_arn":null,"region":"us-east-1","tags":{"Name":"pragma-poc-dev-subnet-database-1"},"tags_all":{"Name":"pragma-poc-dev-subnet-database-1"},"timeouts":null},"sensitive_values":{"tags":{},"tags_all":{}},"identity_schema_version":0,"identity":{"account_id":null,"id":null,"region":null}},{"address":"module.vpc.aws_subnet.subnet[\"database-1\"]","mode":"managed","type":"aws_subnet","name":"subnet","index":"database-1","provider_name":"registry.terraform.io/hashicorp/aws","schema_version":1,"values":{"assign_ipv6_address_on_creation":false,"availability_zone":"us-east-1b","cidr_block":"10.0.12.0/24","customer_owned_ipv4_pool":null,"enable_dns64":false,"enable_lni_at_device_index":null,"enable_resource_name_dns_a_record_on_launch":false,"enable_resource_name_dns_aaaa_record_on_launch":false,"ipv6_cidr_block":null,"ipv6_native":false,"map_customer_owned_ip_on_launch":null,"map_public_ip_on_launch":false,"outpost_arn":null,"region":"us-east-1","tags":{"Name":"pragma-poc-dev-subnet-database-2"},"tags_all":{"Name":"pragma-poc-dev-subnet-database-2"},"timeouts":null},"sensitive_values":{"tags":{},"tags_all":{}},"identity_schema_version":0,"identity":{"account_id":null,"id":null,"region":null}},{"address":"module.vpc.aws_subnet.subnet[\"database-2\"]","mode":"managed","type":"aws_subnet","name":"subnet","index":"database-2","provider_name":"registry.terraform.io/hashicorp/aws","schema_version":1,"values":{"assign_ipv6_address_on_creation":false,"availability_zone":"us-east-1c","cidr_block":"10.0.13.0/24","customer_owned_ipv4_pool":null,"enable_dns64":false,"enable_lni_at_device_index":null,"enable_resource_name_dns_a_record_on_launch":false,"enable_resource_name_dns_aaaa_record_on_launch":false,"ipv6_cidr_block":null,"ipv6_native":false,"map_customer_owned_ip_on_launch":null,"map_public_ip_on_launch":false,"outpost_arn":null,"region":"us-east-1","tags":{"Name":"pragma-poc-dev-subnet-database-3"},"tags_all":{"Name":"pragma-poc-dev-subnet-database-3"},"timeouts":null},"sensitive_values":{"tags":{},"tags_all":{}},"identity_schema_version":0,"identity":{"account_id":null,"id":null,"region":null}},{"address":"module.vpc.aws_subnet.subnet[\"private-0\"]","mode":"managed","type":"aws_subnet","name":"subnet","index":"private-0","provider_name":"registry.terraform.io/hashicorp/aws","schema_version":1,"values":{"assign_ipv6_address_on_creation":false,"availability_zone":"us-east-1a","cidr_block":"10.0.1.0/24","customer_owned_ipv4_pool":null,"enable_dns64":false,"enable_lni_at_device_index":null,"enable_resource_name_dns_a_record_on_launch":false,"enable_resource_name_dns_aaaa_record_on_launch":false,"ipv6_cidr_block":null,"ipv6_native":false,"map_customer_owned_ip_on_launch":null,"map_public_ip_on_launch":false,"outpost_arn":null,"region":"us-east-1","tags":{"Name":"pragma-poc-dev-subnet-private-1"},"tags_all":{"Name":"pragma-poc-dev-subnet-private-1"},"timeouts":null},"sensitive_values":{"tags":{},"tags_all":{}},"identity_schema_version":0,"identity":{"account_id":null,"id":null,"region":null}},{"address":"module.vpc.aws_subnet.subnet[\"private-1\"]","mode":"managed","type":"aws_subnet","name":"subnet","index":"private-1","provider_name":"registry.terraform.io/hashicorp/aws","schema_version":1,"values":{"assign_ipv6_address_on_creation":false,"availability_zone":"us-east-1b","cidr_block":"10.0.2.0/24","customer_owned_ipv4_pool":null,"enable_dns64":false,"enable_lni_at_device_index":null,"enable_resource_name_dns_a_record_on_launch":false,"enable_resource_name_dns_aaaa_record_on_launch":false,"ipv6_cidr_block":null,"ipv6_native":false,"map_customer_owned_ip_on_launch":null,"map_public_ip_on_launch":false,"outpost_arn":null,"region":"us-east-1","tags":{"Name":"pragma-poc-dev-subnet-private-2"},"tags_all":{"Name":"pragma-poc-dev-subnet-private-2"},"timeouts":null},"sensitive_values":{"tags":{},"tags_all":{}},"identity_schema_version":0,"identity":{"account_id":null,"id":null,"region":null}},{"address":"module.vpc.aws_subnet.subnet[\"private-2\"]","mode":"managed","type":"aws_subnet","name":"subnet","index":"private-2","provider_name":"registry.terraform.io/hashicorp/aws","schema_version":1,"values":{"assign_ipv6_address_on_creation":false,"availability_zone":"us-east-1c","cidr_block":"10.0.3.0/24","customer_owned_ipv4_pool":null,"enable_dns64":false,"enable_lni_at_device_index":null,"enable_resource_name_dns_a_record_on_launch":false,"enable_resource_name_dns_aaaa_record_on_launch":false,"ipv6_cidr_block":null,"ipv6_native":false,"map_customer_owned_ip_on_launch":null,"map_public_ip_on_launch":false,"outpost_arn":null,"region":"us-east-1","tags":{"Name":"pragma-poc-dev-subnet-private-3"},"tags_all":{"Name":"pragma-poc-dev-subnet-private-3"},"timeouts":null},"sensitive_values":{"tags":{},"tags_all":{}},"identity_schema_version":0,"identity":{"account_id":null,"id":null,"region":null}},{"address":"module.vpc.aws_subnet.subnet[\"public-0\"]","mode":"managed","type":"aws_subnet","name":"subnet","index":"public-0","provider_name":"registry.terraform.io/hashicorp/aws","schema_version":1,"values":{"assign_ipv6_address_on_creation":false,"availability_zone":"us-east-1a","cidr_block":"10.0.0.0/26","customer_owned_ipv4_pool":null,"enable_dns64":false,"enable_lni_at_device_index":null,"enable_resource_name_dns_a_record_on_launch":false,"enable_resource_name_dns_aaaa_record_on_launch":false,"ipv6_cidr_block":null,"ipv6_native":false,"map_customer_owned_ip_on_launch":null,"map_public_ip_on_launch":false,"outpost_arn":null,"region":"us-east-1","tags":{"Name":"pragma-poc-dev-subnet-public-1"},"tags_all":{"Name":"pragma-poc-dev-subnet-public-1"},"timeouts":null},"sensitive_values":{"tags":{},"tags_all":{}},"identity_schema_version":0,"identity":{"account_id":null,"id":null,"region":null}},{"address":"module.vpc.aws_subnet.subnet[\"public-1\"]","mode":"managed","type":"aws_subnet","name":"subnet","index":"public-1","provider_name":"registry.terraform.io/hashicorp/aws","schema_version":1,"values":{"assign_ipv6_address_on_creation":false,"availability_zone":"us-east-1b","cidr_block":"10.0.0.64/26","customer_owned_ipv4_pool":null,"enable_dns64":false,"enable_lni_at_device_index":null,"enable_resource_name_dns_a_record_on_launch":false,"enable_resource_name_dns_aaaa_record_on_launch":false,"ipv6_cidr_block":null,"ipv6_native":false,"map_customer_owned_ip_on_launch":null,"map_public_ip_on_launch":false,"outpost_arn":null,"region":"us-east-1","tags":{"Name":"pragma-poc-dev-subnet-public-2"},"tags_all":{"Name":"pragma-poc-dev-subnet-public-2"},"timeouts":null},"sensitive_values":{"tags":{},"tags_all":{}},"identity_schema_version":0,"identity":{"account_id":null,"id":null,"region":null}},{"address":"module.vpc.aws_subnet.subnet[\"public-2\"]","mode":"managed","type":"aws_subnet","name":"subnet","index":"public-2","provider_name":"registry.terraform.io/hashicorp/aws","schema_version":1,"values":{"assign_ipv6_address_on_creation":false,"availability_zone":"us-east-1c","cidr_block":"10.0.0.128/26","customer_owned_ipv4_pool":null,"enable_dns64":false,"enable_lni_at_device_index":null,"enable_resource_name_dns_a_record_on_launch":false,"enable_resource_name_dns_aaaa_record_on_launch":false,"ipv6_cidr_block":null,"ipv6_native":false,"map_customer_owned_ip_on_launch":null,"map_public_ip_on_launch":false,"outpost_arn":null,"region":"us-east-1","tags":{"Name":"pragma-poc-dev-subnet-public-3"},"tags_all":{"Name":"pragma-poc-dev-subnet-public-3"},"timeouts":null},"sensitive_values":{"tags":{},"tags_all":{}},"identity_schema_version":0,"identity":{"account_id":null,"id":null,"region":null}},{"address":"module.vpc.aws_vpc.vpc","mode":"managed","type":"aws_vpc","name":"vpc","provider_name":"registry.terraform.io/hashicorp/aws","schema_version":1,"values":{"assign_generated_ipv6_cidr_block":null,"cidr_block":"10.0.0.0/16","enable_dns_hostnames":true,"enable_dns_support":true,"instance_tenancy":"default","ipv4_ipam_pool_id":null,"ipv4_netmask_length":null,"ipv6_ipam_pool_id":null,"ipv6_netmask_length":null,"region":"us-east-1","tags":{"Name":"pragma-poc-dev-vpc"},"tags_all":{"Name":"pragma-poc-dev-vpc"}},"sensitive_values":{"tags":{},"tags_all":{}},"identity_schema_version":0,"identity":{"account_id":null,"id":null,"region":null}}],"address":"module.vpc"}]}},"resource_changes":[{"address":"module.vpc.aws_cloudwatch_log_group.vpc_flow_log_group","module_address":"module.vpc","mode":"managed","type":"aws_cloudwatch_log_group","name":"vpc_flow_log_group","provider_name":"registry.terraform.io/hashicorp/aws","change":{"actions":["create"],"before":null,"after":{"kms_key_id":null,"region":"us-east-1","retention_in_days":7,"skip_destroy":false,"tags":{"Name":"pragma-poc-dev-flow-logs"},"tags_all":{"Name":"pragma-poc-dev-flow-logs"}},"after_unknown":{"arn":true,"deletion_protection_enabled":true,"id":true,"log_group_class":true,"name":true,"name_prefix":true,"tags":{},"tags_all":{}},"before_sensitive":false,"after_sensitive":{"tags":{},"tags_all":{}},"after_identity":{"account_id":null,"name":null,"region":null}}},{"address":"module.vpc.aws_default_security_group.default","module_address":"module.vpc","mode":"managed","type":"aws_default_security_group","name":"default","provider_name":"registry.terraform.io/hashicorp/aws","change":{"actions":["create"],"before":null,"after":{"region":"us-east-1","revoke_rules_on_delete":false,"tags":{"Name":"default"},"tags_all":{"Name":"default"}},"after_unknown":{"arn":true,"description":true,"egress":true,"id":true,"ingress":true,"name":true,"name_prefix":true,"owner_id":true,"tags":{},"tags_all":{},"vpc_id":true},"before_sensitive":false,"after_sensitive":{"egress":[],"ingress":[],"tags":{},"tags_all":{}}}},{"address":"module.vpc.aws_flow_log.vpc_flow_log","module_address":"module.vpc","mode":"managed","type":"aws_flow_log","name":"vpc_flow_log","provider_name":"registry.terraform.io/hashicorp/aws","change":{"actions":["create"],"before":null,"after":{"deliver_cross_account_role":null,"destination_options":[],"eni_id":null,"log_destination_type":"cloud-watch-logs","max_aggregation_interval":600,"region":"us-east-1","regional_nat_gateway_id":null,"subnet_id":null,"tags":{"Name":"pragma-poc-dev-vpc-flow-log"},"tags_all":{"Name":"pragma-poc-dev-vpc-flow-log"},"traffic_type":"ALL","transit_gateway_attachment_id":null,"transit_gateway_id":null},"after_unknown":{"arn":true,"destination_options":[],"iam_role_arn":true,"id":true,"log_destination":true,"log_format":true,"tags":{},"tags_all":{},"vpc_id":true},"before_sensitive":false,"after_sensitive":{"destination_options":[],"tags":{},"tags_all":{}}}},{"address":"module.vpc.aws_iam_policy.vpc_flow_logs_policy","module_address":"module.vpc","mode":"managed","type":"aws_iam_policy","name":"vpc_flow_logs_policy","provider_name":"registry.terraform.io/hashicorp/aws","change":{"actions":["create"],"before":null,"after":{"description":null,"name":"pragma-poc-dev-vpc-flow-logs-policy","path":"/","policy":"{\"Statement\":[{\"Action\":[\"logs:CreateLogGroup\",\"logs:CreateLogStream\",\"logs:PutLogEvents\"],\"Effect\":\"Allow\",\"Resource\":\"*\"}],\"Version\":\"2012-10-17\"}","tags":null},"after_unknown":{"arn":true,"attachment_count":true,"id":true,"name_prefix":true,"policy_id":true,"tags_all":true},"before_sensitive":false,"after_sensitive":{"tags_all":{}},"after_identity":{"arn":null}}},{"address":"module.vpc.aws_iam_role.vpc_flow_logs_role","module_address":"module.vpc","mode":"managed","type":"aws_iam_role","name":"vpc_flow_logs_role","provider_name":"registry.terraform.io/hashicorp/aws","change":{"actions":["create"],"before":null,"after":{"assume_role_policy":"{\"Statement\":[{\"Action\":\"sts:AssumeRole\",\"Effect\":\"Allow\",\"Principal\":{\"Service\":\"vpc-flow-logs.amazonaws.com\"}}],\"Version\":\"2012-10-17\"}","description":null,"force_detach_policies":false,"max_session_duration":3600,"name":"pragma-poc-dev-vpc-flow-logs-role","path":"/","permissions_boundary":null,"tags":{"Name":"pragma-dev-vpc-flow-logs-role"},"tags_all":{"Name":"pragma-dev-vpc-flow-logs-role"}},"after_unknown":{"arn":true,"create_date":true,"id":true,"inline_policy":true,"managed_policy_arns":true,"name_prefix":true,"tags":{},"tags_all":{},"unique_id":true},"before_sensitive":false,"after_sensitive":{"inline_policy":[],"managed_policy_arns":[],"tags":{},"tags_all":{}},"after_identity":{"account_id":null,"name":null}}},{"address":"module.vpc.aws_iam_role_policy_attachment.vpc_flow_logs_role_policy_attachment","module_address":"module.vpc","mode":"managed","type":"aws_iam_role_policy_attachment","name":"vpc_flow_logs_role_policy_attachment","provider_name":"registry.terraform.io/hashicorp/aws","change":{"actions":["create"],"before":null,"after":{"role":"pragma-poc-dev-vpc-flow-logs-role"},"after_unknown":{"id":true,"policy_arn":true},"before_sensitive":false,"after_sensitive":{},"after_identity":{"account_id":null,"policy_arn":null,"role":null}}},{"address":"module.vpc.aws_internet_gateway.igw[0]","module_address":"module.vpc","mode":"managed","type":"aws_internet_gateway","name":"igw","index":0,"provider_name":"registry.terraform.io/hashicorp/aws","change":{"actions":["create"],"before":null,"after":{"region":"us-east-1","tags":{"Name":"pragma-poc-dev-igw"},"tags_all":{"Name":"pragma-poc-dev-igw"},"timeouts":null},"after_unknown":{"arn":true,"id":true,"owner_id":true,"tags":{},"tags_all":{},"vpc_id":true},"before_sensitive":false,"after_sensitive":{"tags":{},"tags_all":{}}}},{"address":"module.vpc.aws_nat_gateway.nat_regional[0]","module_address":"module.vpc","mode":"managed","type":"aws_nat_gateway","name":"nat_regional","index":0,"provider_name":"registry.terraform.io/hashicorp/aws","change":{"actions":["create"],"before":null,"after":{"allocation_id":null,"availability_mode":"regional","availability_zone_address":[],"connectivity_type":"public","region":"us-east-1","subnet_id":null,"tags":{"Name":"pragma-poc-dev-nat-regional"},"tags_all":{"Name":"pragma-poc-dev-nat-regional"},"timeouts":null},"after_unknown":{"association_id":true,"auto_provision_zones":true,"auto_scaling_ips":true,"availability_zone_address":[],"id":true,"network_interface_id":true,"private_ip":true,"public_ip":true,"regional_nat_gateway_address":true,"regional_nat_gateway_auto_mode":true,"route_table_id":true,"secondary_allocation_ids":true,"secondary_private_ip_address_count":true,"secondary_private_ip_addresses":true,"tags":{},"tags_all":{},"vpc_id":true},"before_sensitive":false,"after_sensitive":{"availability_zone_address":[],"regional_nat_gateway_address":[],"secondary_allocation_ids":[],"secondary_private_ip_addresses":[],"tags":{},"tags_all":{}}}},{"address":"module.vpc.aws_route.internet_route[\"public\"]","module_address":"module.vpc","mode":"managed","type":"aws_route","name":"internet_route","index":"public","provider_name":"registry.terraform.io/hashicorp/aws","change":{"actions":["create"],"before":null,"after":{"carrier_gateway_id":null,"core_network_arn":null,"destination_cidr_block":"0.0.0.0/0","destination_ipv6_cidr_block":null,"destination_prefix_list_id":null,"egress_only_gateway_id":null,"local_gateway_id":null,"nat_gateway_id":null,"region":"us-east-1","timeouts":null,"transit_gateway_id":null,"vpc_endpoint_id":null,"vpc_peering_connection_id":null},"after_unknown":{"gateway_id":true,"id":true,"instance_id":true,"instance_owner_id":true,"network_interface_id":true,"origin":true,"route_table_id":true,"state":true},"before_sensitive":false,"after_sensitive":{},"after_identity":{"account_id":null,"destination_cidr_block":null,"destination_ipv6_cidr_block":null,"destination_prefix_list_id":null,"region":null,"route_table_id":null}}},{"address":"module.vpc.aws_route.nat_route[\"private\"]","module_address":"module.vpc","mode":"managed","type":"aws_route","name":"nat_route","index":"private","provider_name":"registry.terraform.io/hashicorp/aws","change":{"actions":["create"],"before":null,"after":{"carrier_gateway_id":null,"core_network_arn":null,"destination_cidr_block":"0.0.0.0/0","destination_ipv6_cidr_block":null,"destination_prefix_list_id":null,"egress_only_gateway_id":null,"gateway_id":null,"local_gateway_id":null,"region":"us-east-1","timeouts":null,"transit_gateway_id":null,"vpc_endpoint_id":null,"vpc_peering_connection_id":null},"after_unknown":{"id":true,"instance_id":true,"instance_owner_id":true,"nat_gateway_id":true,"network_interface_id":true,"origin":true,"route_table_id":true,"state":true},"before_sensitive":false,"after_sensitive":{},"after_identity":{"account_id":null,"destination_cidr_block":null,"destination_ipv6_cidr_block":null,"destination_prefix_list_id":null,"region":null,"route_table_id":null}}},{"address":"module.vpc.aws_route_table.route_table[\"database\"]","module_address":"module.vpc","mode":"managed","type":"aws_route_table","name":"route_table","index":"database","provider_name":"registry.terraform.io/hashicorp/aws","change":{"actions":["create"],"before":null,"after":{"region":"us-east-1","tags":{"Name":"pragma-poc-dev-rtb-database"},"tags_all":{"Name":"pragma-poc-dev-rtb-database"},"timeouts":null},"after_unknown":{"arn":true,"id":true,"owner_id":true,"propagating_vgws":true,"route":true,"tags":{},"tags_all":{},"vpc_id":true},"before_sensitive":false,"after_sensitive":{"propagating_vgws":[],"route":[],"tags":{},"tags_all":{}},"after_identity":{"account_id":null,"id":null,"region":null}}},{"address":"module.vpc.aws_route_table.route_table[\"private\"]","module_address":"module.vpc","mode":"managed","type":"aws_route_table","name":"route_table","index":"private","provider_name":"registry.terraform.io/hashicorp/aws","change":{"actions":["create"],"before":null,"after":{"region":"us-east-1","tags":{"Name":"pragma-poc-dev-rtb-private"},"tags_all":{"Name":"pragma-poc-dev-rtb-private"},"timeouts":null},"after_unknown":{"arn":true,"id":true,"owner_id":true,"propagating_vgws":true,"route":true,"tags":{},"tags_all":{},"vpc_id":true},"before_sensitive":false,"after_sensitive":{"propagating_vgws":[],"route":[],"tags":{},"tags_all":{}},"after_identity":{"account_id":null,"id":null,"region":null}}},{"address":"module.vpc.aws_route_table.route_table[\"public\"]","module_address":"module.vpc","mode":"managed","type":"aws_route_table","name":"route_table","index":"public","provider_name":"registry.terraform.io/hashicorp/aws","change":{"actions":["create"],"before":null,"after":{"region":"us-east-1","tags":{"Name":"pragma-poc-dev-rtb-public"},"tags_all":{"Name":"pragma-poc-dev-rtb-public"},"timeouts":null},"after_unknown":{"arn":true,"id":true,"owner_id":true,"propagating_vgws":true,"route":true,"tags":{},"tags_all":{},"vpc_id":true},"before_sensitive":false,"after_sensitive":{"propagating_vgws":[],"route":[],"tags":{},"tags_all":{}},"after_identity":{"account_id":null,"id":null,"region":null}}},{"address":"module.vpc.aws_route_table_association.subnet_association[\"database-0\"]","module_address":"module.vpc","mode":"managed","type":"aws_route_table_association","name":"subnet_association","index":"database-0","provider_name":"registry.terraform.io/hashicorp/aws","change":{"actions":["create"],"before":null,"after":{"gateway_id":null,"region":"us-east-1","timeouts":null},"after_unknown":{"id":true,"route_table_id":true,"subnet_id":true},"before_sensitive":false,"after_sensitive":{}}},{"address":"module.vpc.aws_route_table_association.subnet_association[\"database-1\"]","module_address":"module.vpc","mode":"managed","type":"aws_route_table_association","name":"subnet_association","index":"database-1","provider_name":"registry.terraform.io/hashicorp/aws","change":{"actions":["create"],"before":null,"after":{"gateway_id":null,"region":"us-east-1","timeouts":null},"after_unknown":{"id":true,"route_table_id":true,"subnet_id":true},"before_sensitive":false,"after_sensitive":{}}},{"address":"module.vpc.aws_route_table_association.subnet_association[\"database-2\"]","module_address":"module.vpc","mode":"managed","type":"aws_route_table_association","name":"subnet_association","index":"database-2","provider_name":"registry.terraform.io/hashicorp/aws","change":{"actions":["create"],"before":null,"after":{"gateway_id":null,"region":"us-east-1","timeouts":null},"after_unknown":{"id":true,"route_table_id":true,"subnet_id":true},"before_sensitive":false,"after_sensitive":{}}},{"address":"module.vpc.aws_route_table_association.subnet_association[\"private-0\"]","module_address":"module.vpc","mode":"managed","type":"aws_route_table_association","name":"subnet_association","index":"private-0","provider_name":"registry.terraform.io/hashicorp/aws","change":{"actions":["create"],"before":null,"after":{"gateway_id":null,"region":"us-east-1","timeouts":null},"after_unknown":{"id":true,"route_table_id":true,"subnet_id":true},"before_sensitive":false,"after_sensitive":{}}},{"address":"module.vpc.aws_route_table_association.subnet_association[\"private-1\"]","module_address":"module.vpc","mode":"managed","type":"aws_route_table_association","name":"subnet_association","index":"private-1","provider_name":"registry.terraform.io/hashicorp/aws","change":{"actions":["create"],"before":null,"after":{"gateway_id":null,"region":"us-east-1","timeouts":null},"after_unknown":{"id":true,"route_table_id":true,"subnet_id":true},"before_sensitive":false,"after_sensitive":{}}},{"address":"module.vpc.aws_route_table_association.subnet_association[\"private-2\"]","module_address":"module.vpc","mode":"managed","type":"aws_route_table_association","name":"subnet_association","index":"private-2","provider_name":"registry.terraform.io/hashicorp/aws","change":{"actions":["create"],"before":null,"after":{"gateway_id":null,"region":"us-east-1","timeouts":null},"after_unknown":{"id":true,"route_table_id":true,"subnet_id":true},"before_sensitive":false,"after_sensitive":{}}},{"address":"module.vpc.aws_route_table_association.subnet_association[\"public-0\"]","module_address":"module.vpc","mode":"managed","type":"aws_route_table_association","name":"subnet_association","index":"public-0","provider_name":"registry.terraform.io/hashicorp/aws","change":{"actions":["create"],"before":null,"after":{"gateway_id":null,"region":"us-east-1","timeouts":null},"after_unknown":{"id":true,"route_table_id":true,"subnet_id":true},"before_sensitive":false,"after_sensitive":{}}},{"address":"module.vpc.aws_route_table_association.subnet_association[\"public-1\"]","module_address":"module.vpc","mode":"managed","type":"aws_route_table_association","name":"subnet_association","index":"public-1","provider_name":"registry.terraform.io/hashicorp/aws","change":{"actions":["create"],"before":null,"after":{"gateway_id":null,"region":"us-east-1","timeouts":null},"after_unknown":{"id":true,"route_table_id":true,"subnet_id":true},"before_sensitive":false,"after_sensitive":{}}},{"address":"module.vpc.aws_route_table_association.subnet_association[\"public-2\"]","module_address":"module.vpc","mode":"managed","type":"aws_route_table_association","name":"subnet_association","index":"public-2","provider_name":"registry.terraform.io/hashicorp/aws","change":{"actions":["create"],"before":null,"after":{"gateway_id":null,"region":"us-east-1","timeouts":null},"after_unknown":{"id":true,"route_table_id":true,"subnet_id":true},"before_sensitive":false,"after_sensitive":{}}},{"address":"module.vpc.aws_subnet.subnet[\"database-0\"]","module_address":"module.vpc","mode":"managed","type":"aws_subnet","name":"subnet","index":"database-0","provider_name":"registry.terraform.io/hashicorp/aws","change":{"actions":["create"],"before":null,"after":{"assign_ipv6_address_on_creation":false,"availability_zone":"us-east-1a","cidr_block":"10.0.11.0/24","customer_owned_ipv4_pool":null,"enable_dns64":false,"enable_lni_at_device_index":null,"enable_resource_name_dns_a_record_on_launch":false,"enable_resource_name_dns_aaaa_record_on_launch":false,"ipv6_cidr_block":null,"ipv6_native":false,"map_customer_owned_ip_on_launch":null,"map_public_ip_on_launch":false,"outpost_arn":null,"region":"us-east-1","tags":{"Name":"pragma-poc-dev-subnet-database-1"},"tags_all":{"Name":"pragma-poc-dev-subnet-database-1"},"timeouts":null},"after_unknown":{"arn":true,"availability_zone_id":true,"id":true,"ipv6_cidr_block_association_id":true,"owner_id":true,"private_dns_hostname_type_on_launch":true,"tags":{},"tags_all":{},"vpc_id":true},"before_sensitive":false,"after_sensitive":{"tags":{},"tags_all":{}},"after_identity":{"account_id":null,"id":null,"region":null}}},{"address":"module.vpc.aws_subnet.subnet[\"database-1\"]","module_address":"module.vpc","mode":"managed","type":"aws_subnet","name":"subnet","index":"database-1","provider_name":"registry.terraform.io/hashicorp/aws","change":{"actions":["create"],"before":null,"after":{"assign_ipv6_address_on_creation":false,"availability_zone":"us-east-1b","cidr_block":"10.0.12.0/24","customer_owned_ipv4_pool":null,"enable_dns64":false,"enable_lni_at_device_index":null,"enable_resource_name_dns_a_record_on_launch":false,"enable_resource_name_dns_aaaa_record_on_launch":false,"ipv6_cidr_block":null,"ipv6_native":false,"map_customer_owned_ip_on_launch":null,"map_public_ip_on_launch":false,"outpost_arn":null,"region":"us-east-1","tags":{"Name":"pragma-poc-dev-subnet-database-2"},"tags_all":{"Name":"pragma-poc-dev-subnet-database-2"},"timeouts":null},"after_unknown":{"arn":true,"availability_zone_id":true,"id":true,"ipv6_cidr_block_association_id":true,"owner_id":true,"private_dns_hostname_type_on_launch":true,"tags":{},"tags_all":{},"vpc_id":true},"before_sensitive":false,"after_sensitive":{"tags":{},"tags_all":{}},"after_identity":{"account_id":null,"id":null,"region":null}}},{"address":"module.vpc.aws_subnet.subnet[\"database-2\"]","module_address":"module.vpc","mode":"managed","type":"aws_subnet","name":"subnet","index":"database-2","provider_name":"registry.terraform.io/hashicorp/aws","change":{"actions":["create"],"before":null,"after":{"assign_ipv6_address_on_creation":false,"availability_zone":"us-east-1c","cidr_block":"10.0.13.0/24","customer_owned_ipv4_pool":null,"enable_dns64":false,"enable_lni_at_device_index":null,"enable_resource_name_dns_a_record_on_launch":false,"enable_resource_name_dns_aaaa_record_on_launch":false,"ipv6_cidr_block":null,"ipv6_native":false,"map_customer_owned_ip_on_launch":null,"map_public_ip_on_launch":false,"outpost_arn":null,"region":"us-east-1","tags":{"Name":"pragma-poc-dev-subnet-database-3"},"tags_all":{"Name":"pragma-poc-dev-subnet-database-3"},"timeouts":null},"after_unknown":{"arn":true,"availability_zone_id":true,"id":true,"ipv6_cidr_block_association_id":true,"owner_id":true,"private_dns_hostname_type_on_launch":true,"tags":{},"tags_all":{},"vpc_id":true},"before_sensitive":false,"after_sensitive":{"tags":{},"tags_all":{}},"after_identity":{"account_id":null,"id":null,"region":null}}},{"address":"module.vpc.aws_subnet.subnet[\"private-0\"]","module_address":"module.vpc","mode":"managed","type":"aws_subnet","name":"subnet","index":"private-0","provider_name":"registry.terraform.io/hashicorp/aws","change":{"actions":["create"],"before":null,"after":{"assign_ipv6_address_on_creation":false,"availability_zone":"us-east-1a","cidr_block":"10.0.1.0/24","customer_owned_ipv4_pool":null,"enable_dns64":false,"enable_lni_at_device_index":null,"enable_resource_name_dns_a_record_on_launch":false,"enable_resource_name_dns_aaaa_record_on_launch":false,"ipv6_cidr_block":null,"ipv6_native":false,"map_customer_owned_ip_on_launch":null,"map_public_ip_on_launch":false,"outpost_arn":null,"region":"us-east-1","tags":{"Name":"pragma-poc-dev-subnet-private-1"},"tags_all":{"Name":"pragma-poc-dev-subnet-private-1"},"timeouts":null},"after_unknown":{"arn":true,"availability_zone_id":true,"id":true,"ipv6_cidr_block_association_id":true,"owner_id":true,"private_dns_hostname_type_on_launch":true,"tags":{},"tags_all":{},"vpc_id":true},"before_sensitive":false,"after_sensitive":{"tags":{},"tags_all":{}},"after_identity":{"account_id":null,"id":null,"region":null}}},{"address":"module.vpc.aws_subnet.subnet[\"private-1\"]","module_address":"module.vpc","mode":"managed","type":"aws_subnet","name":"subnet","index":"private-1","provider_name":"registry.terraform.io/hashicorp/aws","change":{"actions":["create"],"before":null,"after":{"assign_ipv6_address_on_creation":false,"availability_zone":"us-east-1b","cidr_block":"10.0.2.0/24","customer_owned_ipv4_pool":null,"enable_dns64":false,"enable_lni_at_device_index":null,"enable_resource_name_dns_a_record_on_launch":false,"enable_resource_name_dns_aaaa_record_on_launch":false,"ipv6_cidr_block":null,"ipv6_native":false,"map_customer_owned_ip_on_launch":null,"map_public_ip_on_launch":false,"outpost_arn":null,"region":"us-east-1","tags":{"Name":"pragma-poc-dev-subnet-private-2"},"tags_all":{"Name":"pragma-poc-dev-subnet-private-2"},"timeouts":null},"after_unknown":{"arn":true,"availability_zone_id":true,"id":true,"ipv6_cidr_block_association_id":true,"owner_id":true,"private_dns_hostname_type_on_launch":true,"tags":{},"tags_all":{},"vpc_id":true},"before_sensitive":false,"after_sensitive":{"tags":{},"tags_all":{}},"after_identity":{"account_id":null,"id":null,"region":null}}},{"address":"module.vpc.aws_subnet.subnet[\"private-2\"]","module_address":"module.vpc","mode":"managed","type":"aws_subnet","name":"subnet","index":"private-2","provider_name":"registry.terraform.io/hashicorp/aws","change":{"actions":["create"],"before":null,"after":{"assign_ipv6_address_on_creation":false,"availability_zone":"us-east-1c","cidr_block":"10.0.3.0/24","customer_owned_ipv4_pool":null,"enable_dns64":false,"enable_lni_at_device_index":null,"enable_resource_name_dns_a_record_on_launch":false,"enable_resource_name_dns_aaaa_record_on_launch":false,"ipv6_cidr_block":null,"ipv6_native":false,"map_customer_owned_ip_on_launch":null,"map_public_ip_on_launch":false,"outpost_arn":null,"region":"us-east-1","tags":{"Name":"pragma-poc-dev-subnet-private-3"},"tags_all":{"Name":"pragma-poc-dev-subnet-private-3"},"timeouts":null},"after_unknown":{"arn":true,"availability_zone_id":true,"id":true,"ipv6_cidr_block_association_id":true,"owner_id":true,"private_dns_hostname_type_on_launch":true,"tags":{},"tags_all":{},"vpc_id":true},"before_sensitive":false,"after_sensitive":{"tags":{},"tags_all":{}},"after_identity":{"account_id":null,"id":null,"region":null}}},{"address":"module.vpc.aws_subnet.subnet[\"public-0\"]","module_address":"module.vpc","mode":"managed","type":"aws_subnet","name":"subnet","index":"public-0","provider_name":"registry.terraform.io/hashicorp/aws","change":{"actions":["create"],"before":null,"after":{"assign_ipv6_address_on_creation":false,"availability_zone":"us-east-1a","cidr_block":"10.0.0.0/26","customer_owned_ipv4_pool":null,"enable_dns64":false,"enable_lni_at_device_index":null,"enable_resource_name_dns_a_record_on_launch":false,"enable_resource_name_dns_aaaa_record_on_launch":false,"ipv6_cidr_block":null,"ipv6_native":false,"map_customer_owned_ip_on_launch":null,"map_public_ip_on_launch":false,"outpost_arn":null,"region":"us-east-1","tags":{"Name":"pragma-poc-dev-subnet-public-1"},"tags_all":{"Name":"pragma-poc-dev-subnet-public-1"},"timeouts":null},"after_unknown":{"arn":true,"availability_zone_id":true,"id":true,"ipv6_cidr_block_association_id":true,"owner_id":true,"private_dns_hostname_type_on_launch":true,"tags":{},"tags_all":{},"vpc_id":true},"before_sensitive":false,"after_sensitive":{"tags":{},"tags_all":{}},"after_identity":{"account_id":null,"id":null,"region":null}}},{"address":"module.vpc.aws_subnet.subnet[\"public-1\"]","module_address":"module.vpc","mode":"managed","type":"aws_subnet","name":"subnet","index":"public-1","provider_name":"registry.terraform.io/hashicorp/aws","change":{"actions":["create"],"before":null,"after":{"assign_ipv6_address_on_creation":false,"availability_zone":"us-east-1b","cidr_block":"10.0.0.64/26","customer_owned_ipv4_pool":null,"enable_dns64":false,"enable_lni_at_device_index":null,"enable_resource_name_dns_a_record_on_launch":false,"enable_resource_name_dns_aaaa_record_on_launch":false,"ipv6_cidr_block":null,"ipv6_native":false,"map_customer_owned_ip_on_launch":null,"map_public_ip_on_launch":false,"outpost_arn":null,"region":"us-east-1","tags":{"Name":"pragma-poc-dev-subnet-public-2"},"tags_all":{"Name":"pragma-poc-dev-subnet-public-2"},"timeouts":null},"after_unknown":{"arn":true,"availability_zone_id":true,"id":true,"ipv6_cidr_block_association_id":true,"owner_id":true,"private_dns_hostname_type_on_launch":true,"tags":{},"tags_all":{},"vpc_id":true},"before_sensitive":false,"after_sensitive":{"tags":{},"tags_all":{}},"after_identity":{"account_id":null,"id":null,"region":null}}},{"address":"module.vpc.aws_subnet.subnet[\"public-2\"]","module_address":"module.vpc","mode":"managed","type":"aws_subnet","name":"subnet","index":"public-2","provider_name":"registry.terraform.io/hashicorp/aws","change":{"actions":["create"],"before":null,"after":{"assign_ipv6_address_on_creation":false,"availability_zone":"us-east-1c","cidr_block":"10.0.0.128/26","customer_owned_ipv4_pool":null,"enable_dns64":false,"enable_lni_at_device_index":null,"enable_resource_name_dns_a_record_on_launch":false,"enable_resource_name_dns_aaaa_record_on_launch":false,"ipv6_cidr_block":null,"ipv6_native":false,"map_customer_owned_ip_on_launch":null,"map_public_ip_on_launch":false,"outpost_arn":null,"region":"us-east-1","tags":{"Name":"pragma-poc-dev-subnet-public-3"},"tags_all":{"Name":"pragma-poc-dev-subnet-public-3"},"timeouts":null},"after_unknown":{"arn":true,"availability_zone_id":true,"id":true,"ipv6_cidr_block_association_id":true,"owner_id":true,"private_dns_hostname_type_on_launch":true,"tags":{},"tags_all":{},"vpc_id":true},"before_sensitive":false,"after_sensitive":{"tags":{},"tags_all":{}},"after_identity":{"account_id":null,"id":null,"region":null}}},{"address":"module.vpc.aws_vpc.vpc","module_address":"module.vpc","mode":"managed","type":"aws_vpc","name":"vpc","provider_name":"registry.terraform.io/hashicorp/aws","change":{"actions":["create"],"before":null,"after":{"assign_generated_ipv6_cidr_block":null,"cidr_block":"10.0.0.0/16","enable_dns_hostnames":true,"enable_dns_support":true,"instance_tenancy":"default","ipv4_ipam_pool_id":null,"ipv4_netmask_length":null,"ipv6_ipam_pool_id":null,"ipv6_netmask_length":null,"region":"us-east-1","tags":{"Name":"pragma-poc-dev-vpc"},"tags_all":{"Name":"pragma-poc-dev-vpc"}},"after_unknown":{"arn":true,"default_network_acl_id":true,"default_route_table_id":true,"default_security_group_id":true,"dhcp_options_id":true,"enable_network_address_usage_metrics":true,"id":true,"ipv6_association_id":true,"ipv6_cidr_block":true,"ipv6_cidr_block_network_border_group":true,"main_route_table_id":true,"owner_id":true,"tags":{},"tags_all":{}},"before_sensitive":false,"after_sensitive":{"tags":{},"tags_all":{}},"after_identity":{"account_id":null,"id":null,"region":null}}}],"output_changes":{"nat_gateway_id":{"actions":["create"],"before":null,"after_unknown":true,"before_sensitive":false,"after_sensitive":false},"nat_gateway_mode":{"actions":["create"],"before":null,"after":"regional","after_unknown":false,"before_sensitive":false,"after_sensitive":false},"regional_nat_gateway_route_table_id":{"actions":["create"],"before":null,"after_unknown":true,"before_sensitive":false,"after_sensitive":false},"route_table_ids":{"actions":["create"],"before":null,"after":{},"after_unknown":{"database":true,"private":true,"public":true},"before_sensitive":false,"after_sensitive":false},"subnet_ids":{"actions":["create"],"before":null,"after":{},"after_unknown":{"database-0":true,"database-1":true,"database-2":true,"private-0":true,"private-1":true,"private-2":true,"public-0":true,"public-1":true,"public-2":true},"before_sensitive":false,"after_sensitive":false},"vpc_id":{"actions":["create"],"before":null,"after_unknown":true,"before_sensitive":false,"after_sensitive":false}},"prior_state":{"format_version":"1.0","terraform_version":"1.14.0","values":{"outputs":{"nat_gateway_mode":{"sensitive":false,"value":"regional","type":"string"}},"root_module":{}}},"configuration":{"provider_config":{"aws":{"name":"aws","full_name":"registry.terraform.io/hashicorp/aws","version_constraint":"\u003e= 4.31.0"},"aws.principal":{"name":"aws","full_name":"registry.terraform.io/hashicorp/aws","alias":"principal","version_constraint":"\u003e= 4.31.0","expressions":{"profile":{"references":["var.profile"]},"region":{"references":["var.aws_region"]}}}},"root_module":{"outputs":{"nat_gateway_id":{"expression":{"references":["module.vpc.nat_gateway_id","module.vpc"]},"description":"ID of the NAT Gateway (regional)"},"nat_gateway_mode":{"expression":{"references":["module.vpc.nat_gateway_mode","module.vpc"]},"description":"NAT Gateway mode"},"regional_nat_gateway_route_table_id":{"expression":{"references":["module.vpc.regional_nat_gateway_route_table_id","module.vpc"]},"description":"Route table ID automatically created by regional NAT Gateway"},"route_table_ids":{"expression":{"references":["module.vpc.route_table_ids","module.vpc"]},"description":"Map of route table IDs"},"subnet_ids":{"expression":{"references":["module.vpc.subnet_ids","module.vpc"]},"description":"Map of subnet IDs"},"vpc_id":{"expression":{"references":["module.vpc.vpc_id","module.vpc"]},"description":"ID of the VPC"}},"module_calls":{"vpc":{"source":"../../","expressions":{"aws_region":{"references":["var.aws_region"]},"cidr_block":{"references":["var.cidr_block"]},"client":{"references":["var.client"]},"create_igw":{"references":["var.create_igw"]},"create_nat":{"references":["var.create_nat"]},"enable_dns_hostnames":{"references":["var.enable_dns_hostnames"]},"enable_dns_support":{"references":["var.enable_dns_support"]},"environment":{"references":["var.environment"]},"flow_log_retention_in_days":{"references":["var.flow_log_retention_in_days"]},"instance_tenancy":{"references":["var.instance_tenancy"]},"nat_mode":{"references":["var.nat_mode"]},"nat_regional_mode":{"references":["var.nat_regional_mode"]},"project":{"references":["var.project"]},"subnet_config":{"references":["var.subnet_config"]}},"module":{"outputs":{"nat_gateway_id":{"expression":{"references":["var.create_nat","var.nat_mode","aws_nat_gateway.nat_regional[0].id","aws_nat_gateway.nat_regional[0]","aws_nat_gateway.nat_regional","aws_nat_gateway.nat_zonal[\"nat-0\"].id","aws_nat_gateway.nat_zonal[\"nat-0\"]","aws_nat_gateway.nat_zonal"]},"description":"ID of the NAT Gateway (zonal or regional)"},"nat_gateway_mode":{"expression":{"references":["var.nat_mode"]},"description":"NAT Gateway mode (zonal or regional)"},"regional_nat_gateway_route_table_id":{"expression":{"references":["var.create_nat","var.nat_mode","aws_nat_gateway.nat_regional[0].route_table_id","aws_nat_gateway.nat_regional[0]","aws_nat_gateway.nat_regional"]},"description":"Route table ID automatically created by regional NAT Gateway (only available in regional mode)"},"route_table_ids":{"expression":{"references":["aws_route_table.route_table"]},"description":"Map of route table IDs"},"subnet_ids":{"expression":{"references":["aws_subnet.subnet"]},"description":"Map of subnet IDs"},"vpc_id":{"expression":{"references":["aws_vpc.vpc.id","aws_vpc.vpc"]}}},"resources":[{"address":"aws_cloudwatch_log_group.vpc_flow_log_group","mode":"managed","type":"aws_cloudwatch_log_group","name":"vpc_flow_log_group","provider_config_key":"aws.principal","expressions":{"name":{"references":["aws_vpc.vpc.id","aws_vpc.vpc"]},"retention_in_days":{"references":["var.flow_log_retention_in_days"]},"tags":{"references":["var.client","var.project","var.environment"]}},"schema_version":0},{"address":"aws_default_security_group.default","mode":"managed","type":"aws_default_security_group","name":"default","provider_config_key":"aws.principal","expressions":{"tags":{"constant_value":{"Name":"default"}},"vpc_id":{"references":["aws_vpc.vpc.id","aws_vpc.vpc"]}},"schema_version":1},{"address":"aws_eip.eip","mode":"managed","type":"aws_eip","name":"eip","provider_config_key":"aws.principal","expressions":{"tags":{"references":["var.client","var.project","var.environment"]}},"schema_version":0,"count_expression":{"references":["var.create_nat","var.nat_mode"]}},{"address":"aws_flow_log.vpc_flow_log","mode":"managed","type":"aws_flow_log","name":"vpc_flow_log","provider_config_key":"aws.principal","expressions":{"iam_role_arn":{"references":["aws_iam_role.vpc_flow_logs_role.arn","aws_iam_role.vpc_flow_logs_role"]},"log_destination":{"references":["aws_cloudwatch_log_group.vpc_flow_log_group.arn","aws_cloudwatch_log_group.vpc_flow_log_group"]},"log_destination_type":{"constant_value":"cloud-watch-logs"},"tags":{"references":["var.client","var.project","var.environment"]},"traffic_type":{"constant_value":"ALL"},"vpc_id":{"references":["aws_vpc.vpc.id","aws_vpc.vpc"]}},"schema_version":1},{"address":"aws_iam_policy.vpc_flow_logs_policy","mode":"managed","type":"aws_iam_policy","name":"vpc_flow_logs_policy","provider_config_key":"aws.principal","expressions":{"name":{"references":["var.client","var.project","var.environment"]},"policy":{}},"schema_version":0},{"address":"aws_iam_role.vpc_flow_logs_role","mode":"managed","type":"aws_iam_role","name":"vpc_flow_logs_role","provider_config_key":"aws.principal","expressions":{"assume_role_policy":{},"name":{"references":["var.client","var.project","var.environment"]},"tags":{"references":["var.client","var.environment"]}},"schema_version":0},{"address":"aws_iam_role_policy_attachment.vpc_flow_logs_role_policy_attachment","mode":"managed","type":"aws_iam_role_policy_attachment","name":"vpc_flow_logs_role_policy_attachment","provider_config_key":"aws.principal","expressions":{"policy_arn":{"references":["aws_iam_policy.vpc_flow_logs_policy.arn","aws_iam_policy.vpc_flow_logs_policy"]},"role":{"references":["aws_iam_role.vpc_flow_logs_role.name","aws_iam_role.vpc_flow_logs_role"]}},"schema_version":0},{"address":"aws_internet_gateway.igw","mode":"managed","type":"aws_internet_gateway","name":"igw","provider_config_key":"aws.principal","expressions":{"tags":{"references":["var.client","var.project","var.environment"]},"vpc_id":{"references":["aws_vpc.vpc.id","aws_vpc.vpc"]}},"schema_version":0,"count_expression":{"references":["var.create_igw"]}},{"address":"aws_nat_gateway.nat_regional","mode":"managed","type":"aws_nat_gateway","name":"nat_regional","provider_config_key":"aws.principal","expressions":{"availability_mode":{"constant_value":"regional"},"tags":{"references":["var.client","var.project","var.environment"]},"vpc_id":{"references":["aws_vpc.vpc.id","aws_vpc.vpc"]}},"schema_version":0,"count_expression":{"references":["var.create_nat","var.nat_mode"]},"depends_on":["aws_internet_gateway.igw"]},{"address":"aws_nat_gateway.nat_zonal","mode":"managed","type":"aws_nat_gateway","name":"nat_zonal","provider_config_key":"aws.principal","expressions":{"allocation_id":{"references":["aws_eip.eip[0].id","aws_eip.eip[0]","aws_eip.eip"]},"subnet_id":{"references":["aws_subnet.subnet","each.value.service","each.value"]},"tags":{"references":["var.client","var.project","var.environment"]}},"schema_version":0,"for_each_expression":{"references":["var.subnet_config","var.create_nat","var.nat_mode"]},"depends_on":["aws_internet_gateway.igw"]},{"address":"aws_route.custom_route","mode":"managed","type":"aws_route","name":"custom_route","provider_config_key":"aws.principal","expressions":{"carrier_gateway_id":{"references":["each.value[\"carrier_gateway_id\"]","each.value"]},"core_network_arn":{"references":["each.value[\"core_network_arn\"]","each.value"]},"destination_cidr_block":{"references":["each.value[\"destination_cidr_block\"]","each.value"]},"egress_only_gateway_id":{"references":["each.value[\"egress_only_gateway_id\"]","each.value"]},"local_gateway_id":{"references":["each.value[\"local_gateway_id\"]","each.value"]},"nat_gateway_id":{"references":["each.value[\"nat_gateway_id\"]","each.value"]},"network_interface_id":{"references":["each.value[\"network_interface_id\"]","each.value"]},"route_table_id":{"references":["aws_route_table.route_table","each.value[\"service\"]","each.value"]},"transit_gateway_id":{"references":["each.value[\"transit_gateway_id\"]","each.value"]},"vpc_endpoint_id":{"references":["each.value[\"vpc_endpoint_id\"]","each.value"]},"vpc_peering_connection_id":{"references":["each.value[\"vpc_peering_connection_id\"]","each.value"]}},"schema_version":0,"for_each_expression":{"references":["var.subnet_config"]}},{"address":"aws_route.internet_route","mode":"managed","type":"aws_route","name":"internet_route","provider_config_key":"aws.principal","expressions":{"destination_cidr_block":{"constant_value":"0.0.0.0/0"},"gateway_id":{"references":["aws_internet_gateway.igw[0].id","aws_internet_gateway.igw[0]","aws_internet_gateway.igw"]},"route_table_id":{"references":["aws_route_table.route_table","each.key"]}},"schema_version":0,"for_each_expression":{"references":["var.subnet_config","var.create_igw"]}},{"address":"aws_route.nat_route","mode":"managed","type":"aws_route","name":"nat_route","provider_config_key":"aws.principal","expressions":{"destination_cidr_block":{"constant_value":"0.0.0.0/0"},"nat_gateway_id":{"references":["var.nat_mode","aws_nat_gateway.nat_regional[0].id","aws_nat_gateway.nat_regional[0]","aws_nat_gateway.nat_regional","aws_nat_gateway.nat_zonal[\"nat-0\"].id","aws_nat_gateway.nat_zonal[\"nat-0\"]","aws_nat_gateway.nat_zonal"]},"route_table_id":{"references":["aws_route_table.route_table","each.key"]}},"schema_version":0,"for_each_expression":{"references":["var.subnet_config","var.create_nat"]}},{"address":"aws_route_table.route_table","mode":"managed","type":"aws_route_table","name":"route_table","provider_config_key":"aws.principal","expressions":{"tags":{"references":["var.client","var.project","var.environment","each.key"]},"vpc_id":{"references":["aws_vpc.vpc.id","aws_vpc.vpc"]}},"schema_version":0,"for_each_expression":{"references":["var.subnet_config"]}},{"address":"aws_route_table_association.subnet_association","mode":"managed","type":"aws_route_table_association","name":"subnet_association","provider_config_key":"aws.principal","expressions":{"route_table_id":{"references":["aws_route_table.route_table","each.value.service","each.value"]},"subnet_id":{"references":["aws_subnet.subnet","each.value.service","each.value","each.value.subnet_index","each.value"]}},"schema_version":0,"for_each_expression":{"references":["var.subnet_config"]}},{"address":"aws_subnet.subnet","mode":"managed","type":"aws_subnet","name":"subnet","provider_config_key":"aws.principal","expressions":{"availability_zone":{"references":["each.value[\"availability_zone\"]","each.value"]},"cidr_block":{"references":["each.value[\"cidr_block\"]","each.value"]},"tags":{"references":["var.client","var.project","var.environment","each.value[\"service\"]","each.value","each.value[\"subnet_index\"]","each.value"]},"vpc_id":{"references":["aws_vpc.vpc.id","aws_vpc.vpc"]}},"schema_version":1,"for_each_expression":{"references":["var.subnet_config","var.aws_region"]}},{"address":"aws_vpc.vpc","mode":"managed","type":"aws_vpc","name":"vpc","provider_config_key":"aws.principal","expressions":{"cidr_block":{"references":["var.cidr_block"]},"enable_dns_hostnames":{"references":["var.enable_dns_hostnames"]},"enable_dns_support":{"references":["var.enable_dns_support"]},"instance_tenancy":{"references":["var.instance_tenancy"]},"tags":{"references":["var.client","var.project","var.environment"]}},"schema_version":1}],"variables":{"aws_region":{"description":"AWS region where resources will be deployed"},"cidr_block":{"description":"The IPv4 CIDR block for the VPC"},"client":{"description":"Client name"},"create_igw":{"default":true,"description":"A boolean flag to enable internet gateway creation"},"create_nat":{"default":true,"description":"A boolean flag to enable nat gateway creation"},"enable_dns_hostnames":{"default":true,"description":"A boolean flag to enable/disable DNS hostnames in the VPC"},"enable_dns_support":{"default":true,"description":"A boolean flag to enable/disable DNS support in the VPC"},"environment":{"description":"Environment where resources will be deployed"},"flow_log_retention_in_days":{"description":"Specifies the number of days you want to retain log events in the specified log group. Possible values are: 1, 3, 5, 7, 14, 30, 60, 90, 120, 150, 180, 365, 400, 545, 731, 1096, 1827, 2192, 2557, 2922, 3288, 3653, and 0. If you select 0, the events in the log group are always retained and never expire"},"instance_tenancy":{"default":"default","description":"A tenancy option for instances launched into the VPC"},"nat_mode":{"default":"zonal","description":"NAT Gateway mode: 'zonal' (one per AZ, requires public subnets) or 'regional' (single NAT for all AZs, no public subnet required)"},"nat_regional_az_config":{"default":[],"description":"Configuration for regional NAT Gateway in manual mode. List of objects with availability_zone and allocation_ids (EIP allocation IDs)"},"nat_regional_mode":{"default":"auto","description":"Regional NAT Gateway IP management mode: 'auto' (AWS manages IPs automatically) or 'manual' (you specify EIPs per AZ)"},"project":{"description":"Project name"},"subnet_config":{"description":"    Custom subnet and route configuration. It is a map where each key represents a group of subnets (e.g. 'public', 'private') and the value is an object with the following structure:\n    - custom_routes: (list) A list of objects, each representing a custom route with the following properties:\n      - destination_cidr_block: (string) The destination CIDR block for the route.\n      - carrier_gateway_id: (string, optional) Identifier of a carrier gateway. This attribute can only be used when the VPC contains a subnet which is associated with a Wavelength Zone.\n      - core_network_arn: (string, optional) The Amazon Resource Name (ARN) of a core network.\n      - egress_only_gateway_id: (string, optional) Identifier of a VPC Egress Only Internet Gateway.\n      - nat_gateway_id: (string, optional) Identifier of a VPC NAT gateway.\n      - local_gateway_id: (string, optional) Identifier of a Outpost local gateway.\n      - network_interface_id: (string, optional) Identifier of an EC2 network interface.\n      - transit_gateway_id: (string, optional) Identifier of an EC2 Transit Gateway.\n      - vpc_endpoint_id: (string, optional) Identifier of a VPC Endpoint.\n      - vpc_peering_connection_id: (string, optional) Identifier of a VPC peering connection.\n    - public: (bool) If true, set 0.0.0.0/0 to igw.\n    - include_nat: (bool, optional) If true, set 0.0.0.0/0 to nat.\n    - subnets: (list) A list of objects, each representing a subnet with the following properties:\n      - cidr_block: (string) The IPv4 CIDR block for the subnet.\n      - availability_zone: (string) AZ for the subnet.\n"}}}}},"variables":{"aws_region":{"description":"AWS region where resources will be deployed"},"cidr_block":{"description":"The IPv4 CIDR block for the VPC"},"client":{"description":"Client name"},"create_igw":{"default":true,"description":"A boolean flag to enable internet gateway creation"},"create_nat":{"default":true,"description":"A boolean flag to enable nat gateway creation"},"enable_dns_hostnames":{"default":true,"description":"A boolean flag to enable/disable DNS hostnames in the VPC"},"enable_dns_support":{"default":true,"description":"A boolean flag to enable/disable DNS support in the VPC"},"environment":{"description":"Environment where resources will be deployed"},"flow_log_retention_in_days":{"description":"Specifies the number of days you want to retain log events in the specified log group"},"instance_tenancy":{"default":"default","description":"A tenancy option for instances launched into the VPC"},"nat_mode":{"default":"regional","description":"NAT Gateway mode: 'zonal' or 'regional'"},"nat_regional_mode":{"default":"auto","description":"Regional NAT Gateway mode: 'auto' or 'manual'"},"profile":{"description":"Profile name containing the access credentials to deploy the infrastructure on AWS"},"project":{"description":"Project name"},"subnet_config":{"description":"Custom subnet and route configuration"}}}},"relevant_attributes":[{"resource":"module.vpc.aws_internet_gateway.igw[0]","attribute":["id"]},{"resource":"module.vpc.aws_nat_gateway.nat_regional[0]","attribute":["id"]},{"resource":"module.vpc.aws_subnet.subnet","attribute":[]},{"resource":"module.vpc.aws_iam_role.vpc_flow_logs_role","attribute":["name"]},{"resource":"module.vpc.aws_nat_gateway.nat_regional[0]","attribute":["route_table_id"]},{"resource":"module.vpc.aws_cloudwatch_log_group.vpc_flow_log_group","attribute":["arn"]},{"resource":"module.vpc.aws_iam_role.vpc_flow_logs_role","attribute":["arn"]},{"resource":"module.vpc.aws_route_table.route_table","attribute":[]},{"resource":"module.vpc.aws_nat_gateway.nat_zonal[\"nat-0\"]","attribute":["id"]},{"resource":"module.vpc.aws_iam_policy.vpc_flow_logs_policy","attribute":["arn"]},{"resource":"module.vpc.aws_vpc.vpc","attribute":["id"]}],"checks":[{"address":{"kind":"var","module":"module.vpc","name":"cidr_block","to_display":"module.vpc.var.cidr_block"},"status":"pass","instances":[{"address":{"module":"module.vpc","to_display":"module.vpc.var.cidr_block"},"status":"pass"}]},{"address":{"kind":"var","module":"module.vpc","name":"flow_log_retention_in_days","to_display":"module.vpc.var.flow_log_retention_in_days"},"status":"pass","instances":[{"address":{"module":"module.vpc","to_display":"module.vpc.var.flow_log_retention_in_days"},"status":"pass"}]},{"address":{"kind":"var","module":"module.vpc","name":"instance_tenancy","to_display":"module.vpc.var.instance_tenancy"},"status":"pass","instances":[{"address":{"module":"module.vpc","to_display":"module.vpc.var.instance_tenancy"},"status":"pass"}]},{"address":{"kind":"var","module":"module.vpc","name":"nat_mode","to_display":"module.vpc.var.nat_mode"},"status":"pass","instances":[{"address":{"module":"module.vpc","to_display":"module.vpc.var.nat_mode"},"status":"pass"}]},{"address":{"kind":"var","module":"module.vpc","name":"nat_regional_mode","to_display":"module.vpc.var.nat_regional_mode"},"status":"pass","instances":[{"address":{"module":"module.vpc","to_display":"module.vpc.var.nat_regional_mode"},"status":"pass"}]},{"address":{"kind":"var","name":"cidr_block","to_display":"var.cidr_block"},"status":"pass","instances":[{"address":{"to_display":"var.cidr_block"},"status":"pass"}]},{"address":{"kind":"var","name":"flow_log_retention_in_days","to_display":"var.flow_log_retention_in_days"},"status":"pass","instances":[{"address":{"to_display":"var.flow_log_retention_in_days"},"status":"pass"}]},{"address":{"kind":"var","name":"instance_tenancy","to_display":"var.instance_tenancy"},"status":"pass","instances":[{"address":{"to_display":"var.instance_tenancy"},"status":"pass"}]}],"timestamp":"2025-12-16T17:35:20Z","applyable":true,"complete":true,"errored":false}
